
Microsoft Visual Studio Solution File, Format Version 12.00
# Visual Studio Version 17
VisualStudioVersion = 17.1.32319.34
MinimumVisualStudioVersion = 10.0.40219.1
Project("{9A19103F-16F7-4668-BE54-9A1E7A4F7556}") = "PetAPI", "PetAPI.csproj", "{102CE557-629E-4DF2-BF94-C97BC40E5E62}"
EndProject
Global
	GlobalSection(SolutionConfigurationPlatforms) = preSolution
		Debug|Any CPU = Debug|Any CPU
		Release|Any CPU = Release|Any CPU
	EndGlobalSection
	GlobalSection(ProjectConfigurationPlatforms) = postSolution
		{102CE557-629E-4DF2-BF94-C97BC40E5E62}.Debug|Any CPU.ActiveCfg = Debug|Any CPU
		{102CE557-629E-4DF2-BF94-C97BC40E5E62}.Debug|Any CPU.Build.0 = Debug|Any CPU
		{102CE557-629E-4DF2-BF94-C97BC40E5E62}.Release|Any CPU.ActiveCfg = Release|Any CPU
		{102CE557-629E-4DF2-BF94-C97BC40E5E62}.Release|Any CPU.Build.0 = Release|Any CPU
	EndGlobalSection
	GlobalSection(SolutionProperties) = preSolution
		HideSolutionNode = FALSE
	EndGlobalSection
	GlobalSection(ExtensibilityGlobals) = postSolution
		SolutionGuid = {7C6687A1-17B6-431F-8BBB-3CB7DD338D71}
	EndGlobalSection
EndGlobal
